
Microsoft Visual Studio Solution File, Format Version 12.00
# Visual Studio Version 17
VisualStudioVersion = 17.13.35919.96 d17.13
MinimumVisualStudioVersion = 10.0.40219.1
Project("{FAE04EC0-301F-11D3-BF4B-00C04F79EFBC}") = "TicketBus.WebApi", "TicketBus.WebApi\TicketBus.WebApi.csproj", "{3E615502-98B4-4EE6-B5CB-6CA9C3BFD416}"
EndProject
Global
	GlobalSection(SolutionConfigurationPlatforms) = preSolution
		Debug|Any CPU = Debug|Any CPU
		Release|Any CPU = Release|Any CPU
	EndGlobalSection
	GlobalSection(ProjectConfigurationPlatforms) = postSolution
		{3E615502-98B4-4EE6-B5CB-6CA9C3BFD416}.Debug|Any CPU.ActiveCfg = Debug|Any CPU
		{3E615502-98B4-4EE6-B5CB-6CA9C3BFD416}.Debug|Any CPU.Build.0 = Debug|Any CPU
		{3E615502-98B4-4EE6-B5CB-6CA9C3BFD416}.Release|Any CPU.ActiveCfg = Release|Any CPU
		{3E615502-98B4-4EE6-B5CB-6CA9C3BFD416}.Release|Any CPU.Build.0 = Release|Any CPU
	EndGlobalSection
	GlobalSection(SolutionProperties) = preSolution
		HideSolutionNode = FALSE
	EndGlobalSection
	GlobalSection(ExtensibilityGlobals) = postSolution
		SolutionGuid = {30355490-1FDF-449B-91C9-C5E78836BF55}
	EndGlobalSection
EndGlobal
